dependencies:
- name: sie-event-bus-kafka
  repository: file://../../../../sie-event-bus/deploy/helm/sie-event-bus-kafka
  version: 0.1.0
- name: sie-schema-registry
  repository: file://../../../../sie-schema-registry/deploy/helm/sie-schema-registry
  version: 0.1.0
- name: sie-definition-database
  repository: file://../../../../sie-definition-database/deploy/helm/sie-definition-database
  version: 0.1.0
digest: sha256:f8ad876f66ad00ed138905a4f0c05df8747ada1aff61612d33e073c1987637b1
generated: "2026-03-07T13:17:10.906781053+01:00"
