dependencies:
- name: sie-event-bus-kafka
  repository: file://../helm-deps/sie-event-bus-kafka
  version: 0.1.0
- name: sie-schema-registry
  repository: file://../helm-deps/sie-schema-registry
  version: 0.1.0
- name: sie-definition-database
  repository: file://../../../sie-definition-database/ops/helm
  version: 0.1.0
digest: sha256:15c9d1522606bd79e03a150b5f7f0ce8ad761d0aaf970258ff15017373693009
generated: "2026-08-21T14:55:19.253646675+02:00"
